{
  "version": 4,
  "terraform_version": "1.6.4",
  "serial": 261,
  "lineage": "5cf41a30-eb59-8b71-f980-2c0eacf25e89",
  "outputs": {},
  "resources": [
    {
      "mode": "managed",
      "type": "aws_eip",
      "name": "nat",
      "provider": "provider[\"registry.terraform.io/hashicorp/aws\"]",
      "instances": [
        {
          "schema_version": 0,
          "attributes": {
            "address": null,
            "allocation_id": "eipalloc-000cc60f63d2feac2",
            "associate_with_private_ip": null,
            "association_id": "",
            "carrier_ip": "",
            "customer_owned_ip": "",
            "customer_owned_ipv4_pool": "",
            "domain": "vpc",
            "id": "eipalloc-000cc60f63d2feac2",
            "instance": "",
            "network_border_group": "us-east-1",
            "network_interface": "",
            "private_dns": null,
            "private_ip": "",
            "public_dns": "ec2-34-199-56-193.compute-1.amazonaws.com",
            "public_ip": "34.199.56.193",
            "public_ipv4_pool": "amazon",
            "tags": null,
            "tags_all": {},
            "timeouts": null,
            "vpc": true
          },
          "sensitive_attributes": [],
          "private": "eyJlMmJmYjczMC1lY2FhLTExZTYtOGY4OC0zNDM2M2JjN2M0YzAiOnsiZGVsZXRlIjoxODAwMDAwMDAwMDAsInJlYWQiOjkwMDAwMDAwMDAwMCwidXBkYXRlIjozMDAwMDAwMDAwMDB9fQ=="
        }
      ]
    },
    {
      "mode": "managed",
      "type": "aws_instance",
      "name": "private_instance",
      "provider": "provider[\"registry.terraform.io/hashicorp/aws\"]",
      "instances": [
        {
          "schema_version": 1,
          "attributes": {
            "ami": "ami-0230bd60aa48260c6",
            "arn": "arn:aws:ec2:us-east-1:644467192437:instance/i-00d384e7548bef3ae",
            "associate_public_ip_address": false,
            "availability_zone": "us-east-1e",
            "capacity_reservation_specification": [
              {
                "capacity_reservation_preference": "open",
                "capacity_reservation_target": []
              }
            ],
            "cpu_core_count": 1,
            "cpu_options": [
              {
                "amd_sev_snp": "",
                "core_count": 1,
                "threads_per_core": 1
              }
            ],
            "cpu_threads_per_core": 1,
            "credit_specification": [
              {
                "cpu_credits": "standard"
              }
            ],
            "disable_api_stop": false,
            "disable_api_termination": false,
            "ebs_block_device": [],
            "ebs_optimized": false,
            "enclave_options": [
              {
                "enabled": false
              }
            ],
            "ephemeral_block_device": [],
            "get_password_data": false,
            "hibernation": false,
            "host_id": "",
            "host_resource_group_arn": null,
            "iam_instance_profile": "",
            "id": "i-00d384e7548bef3ae",
            "instance_initiated_shutdown_behavior": "stop",
            "instance_lifecycle": "",
            "instance_market_options": [],
            "instance_state": "running",
            "instance_type": "t2.micro",
            "ipv6_address_count": 0,
            "ipv6_addresses": [],
            "key_name": "ec2-key",
            "launch_template": [],
            "maintenance_options": [
              {
                "auto_recovery": "default"
              }
            ],
            "metadata_options": [
              {
                "http_endpoint": "enabled",
                "http_protocol_ipv6": "disabled",
                "http_put_response_hop_limit": 2,
                "http_tokens": "required",
                "instance_metadata_tags": "disabled"
              }
            ],
            "monitoring": false,
            "network_interface": [],
            "outpost_arn": "",
            "password_data": "",
            "placement_group": "",
            "placement_partition_number": 0,
            "primary_network_interface_id": "eni-0cfced3494451d1f9",
            "private_dns": "ip-10-0-2-227.ec2.internal",
            "private_dns_name_options": [
              {
                "enable_resource_name_dns_a_record": false,
                "enable_resource_name_dns_aaaa_record": false,
                "hostname_type": "ip-name"
              }
            ],
            "private_ip": "10.0.2.227",
            "public_dns": "",
            "public_ip": "",
            "root_block_device": [
              {
                "delete_on_termination": true,
                "device_name": "/dev/xvda",
                "encrypted": false,
                "iops": 3000,
                "kms_key_id": "",
                "tags": {},
                "throughput": 125,
                "volume_id": "vol-00b17d220487cce4f",
                "volume_size": 8,
                "volume_type": "gp3"
              }
            ],
            "secondary_private_ips": [],
            "security_groups": [],
            "source_dest_check": true,
            "spot_instance_request_id": "",
            "subnet_id": "subnet-0d2500d1ba4db6b63",
            "tags": {
              "Name": "PrivateInstance"
            },
            "tags_all": {
              "Name": "PrivateInstance"
            },
            "tenancy": "default",
            "timeouts": null,
            "user_data": "702a2b1b256ea9b520f2dee123812db114acab1f",
            "user_data_base64": null,
            "user_data_replace_on_change": false,
            "volume_tags": null,
            "vpc_security_group_ids": [
              "sg-02665aad1d651f64f"
            ]
          },
          "sensitive_attributes": [],
          "private": "eyJlMmJmYjczMC1lY2FhLTExZTYtOGY4OC0zNDM2M2JjN2M0YzAiOnsiY3JlYXRlIjo2MDAwMDAwMDAwMDAsImRlbGV0ZSI6MTIwMDAwMDAwMDAwMCwidXBkYXRlIjo2MDAwMDAwMDAwMDB9LCJzY2hlbWFfdmVyc2lvbiI6IjEifQ==",
          "dependencies": [
            "aws_key_pair.ec2_key_pair",
            "aws_security_group.sg",
            "aws_subnet.private_subnet",
            "aws_vpc.main",
            "tls_private_key.ssh_key"
          ]
        }
      ]
    },
    {
      "mode": "managed",
      "type": "aws_instance",
      "name": "public_instance",
      "provider": "provider[\"registry.terraform.io/hashicorp/aws\"]",
      "instances": [
        {
          "schema_version": 1,
          "attributes": {
            "ami": "ami-0230bd60aa48260c6",
            "arn": "arn:aws:ec2:us-east-1:644467192437:instance/i-041d447fdb07a8081",
            "associate_public_ip_address": true,
            "availability_zone": "us-east-1e",
            "capacity_reservation_specification": [
              {
                "capacity_reservation_preference": "open",
                "capacity_reservation_target": []
              }
            ],
            "cpu_core_count": 1,
            "cpu_options": [
              {
                "amd_sev_snp": "",
                "core_count": 1,
                "threads_per_core": 1
              }
            ],
            "cpu_threads_per_core": 1,
            "credit_specification": [
              {
                "cpu_credits": "standard"
              }
            ],
            "disable_api_stop": false,
            "disable_api_termination": false,
            "ebs_block_device": [],
            "ebs_optimized": false,
            "enclave_options": [
              {
                "enabled": false
              }
            ],
            "ephemeral_block_device": [],
            "get_password_data": false,
            "hibernation": false,
            "host_id": "",
            "host_resource_group_arn": null,
            "iam_instance_profile": "",
            "id": "i-041d447fdb07a8081",
            "instance_initiated_shutdown_behavior": "stop",
            "instance_lifecycle": "",
            "instance_market_options": [],
            "instance_state": "running",
            "instance_type": "t2.micro",
            "ipv6_address_count": 0,
            "ipv6_addresses": [],
            "key_name": "ec2-key",
            "launch_template": [],
            "maintenance_options": [
              {
                "auto_recovery": "default"
              }
            ],
            "metadata_options": [
              {
                "http_endpoint": "enabled",
                "http_protocol_ipv6": "disabled",
                "http_put_response_hop_limit": 2,
                "http_tokens": "required",
                "instance_metadata_tags": "disabled"
              }
            ],
            "monitoring": false,
            "network_interface": [],
            "outpost_arn": "",
            "password_data": "",
            "placement_group": "",
            "placement_partition_number": 0,
            "primary_network_interface_id": "eni-04cd68524a302f96f",
            "private_dns": "ip-10-0-1-109.ec2.internal",
            "private_dns_name_options": [
              {
                "enable_resource_name_dns_a_record": false,
                "enable_resource_name_dns_aaaa_record": false,
                "hostname_type": "ip-name"
              }
            ],
            "private_ip": "10.0.1.109",
            "public_dns": "",
            "public_ip": "54.160.76.3",
            "root_block_device": [
              {
                "delete_on_termination": true,
                "device_name": "/dev/xvda",
                "encrypted": false,
                "iops": 3000,
                "kms_key_id": "",
                "tags": {},
                "throughput": 125,
                "volume_id": "vol-0fc9d5e20ffc0290a",
                "volume_size": 8,
                "volume_type": "gp3"
              }
            ],
            "secondary_private_ips": [],
            "security_groups": [],
            "source_dest_check": true,
            "spot_instance_request_id": "",
            "subnet_id": "subnet-039f88e6d960e5948",
            "tags": {
              "Name": "PublicInstance"
            },
            "tags_all": {
              "Name": "PublicInstance"
            },
            "tenancy": "default",
            "timeouts": null,
            "user_data": null,
            "user_data_base64": null,
            "user_data_replace_on_change": false,
            "volume_tags": null,
            "vpc_security_group_ids": [
              "sg-02665aad1d651f64f"
            ]
          },
          "sensitive_attributes": [],
          "private": "eyJlMmJmYjczMC1lY2FhLTExZTYtOGY4OC0zNDM2M2JjN2M0YzAiOnsiY3JlYXRlIjo2MDAwMDAwMDAwMDAsImRlbGV0ZSI6MTIwMDAwMDAwMDAwMCwidXBkYXRlIjo2MDAwMDAwMDAwMDB9LCJzY2hlbWFfdmVyc2lvbiI6IjEifQ==",
          "dependencies": [
            "aws_key_pair.ec2_key_pair",
            "aws_security_group.sg",
            "aws_subnet.public_subnet",
            "aws_vpc.main",
            "tls_private_key.ssh_key"
          ]
        }
      ]
    },
    {
      "mode": "managed",
      "type": "aws_internet_gateway",
      "name": "gw",
      "provider": "provider[\"registry.terraform.io/hashicorp/aws\"]",
      "instances": [
        {
          "schema_version": 0,
          "attributes": {
            "arn": "arn:aws:ec2:us-east-1:644467192437:internet-gateway/igw-0e037cc593f4f8894",
            "id": "igw-0e037cc593f4f8894",
            "owner_id": "644467192437",
            "tags": null,
            "tags_all": {},
            "timeouts": null,
            "vpc_id": "vpc-092e8e448a2e3478d"
          },
          "sensitive_attributes": [],
          "private": "eyJlMmJmYjczMC1lY2FhLTExZTYtOGY4OC0zNDM2M2JjN2M0YzAiOnsiY3JlYXRlIjoxMjAwMDAwMDAwMDAwLCJkZWxldGUiOjEyMDAwMDAwMDAwMDAsInVwZGF0ZSI6MTIwMDAwMDAwMDAwMH19",
          "dependencies": [
            "aws_vpc.main"
          ]
        }
      ]
    },
    {
      "mode": "managed",
      "type": "aws_key_pair",
      "name": "ec2_key_pair",
      "provider": "provider[\"registry.terraform.io/hashicorp/aws\"]",
      "instances": [
        {
          "schema_version": 1,
          "attributes": {
            "arn": "arn:aws:ec2:us-east-1:644467192437:key-pair/ec2-key",
            "fingerprint": "bb:4d:1d:c0:24:ad:ef:83:eb:80:bd:b0:44:af:0a:06",
            "id": "ec2-key",
            "key_name": "ec2-key",
            "key_name_prefix": "",
            "key_pair_id": "key-0f2f787d2a58d2354",
            "key_type": "rsa",
            "public_key": "ssh-rsa AAAAB3NzaC1yc2EAAAADAQABAAABAQD6t2/3cO1ftuzylleOklWTZvD4XJjt8bovj3GC97doTiGm2ZtMs/GqfWXX4lqEMEIGExtCbu9z34sC7A+qSoAlmhLo3qciP8vxGzkPYgwenPVukLBC68QTq16fcWoU6n+7xxotBxi4ACnDiPC6uBTCHyPv+99b8qxhaLc8k1dGXVFpvLlmCUWzb6D/5jzpInm/FnptxSgUkTiB1IH5AgJuP3XOkysD/cU2xAFa9IQb8KAwDocewwll5NXthzELJEBdnjHQcnqs6VcLWjXyTxEZ0jjiX1mXfveXR6977Ofiy/FUmsKVQ+BKsScCSO1EeyHUlGonuVFE0U/d3urzUvS9",
            "tags": null,
            "tags_all": {}
          },
          "sensitive_attributes": [],
          "private": "eyJzY2hlbWFfdmVyc2lvbiI6IjEifQ==",
          "dependencies": [
            "tls_private_key.ssh_key"
          ]
        }
      ]
    },
    {
      "mode": "managed",
      "type": "aws_nat_gateway",
      "name": "nat",
      "provider": "provider[\"registry.terraform.io/hashicorp/aws\"]",
      "instances": [
        {
          "schema_version": 0,
          "attributes": {
            "allocation_id": "eipalloc-000cc60f63d2feac2",
            "association_id": "eipassoc-09f0033bb4c881d16",
            "connectivity_type": "public",
            "id": "nat-0a2820c94a1e1d629",
            "network_interface_id": "eni-015c01b7e309f4922",
            "private_ip": "10.0.1.162",
            "public_ip": "34.199.56.193",
            "secondary_allocation_ids": null,
            "secondary_private_ip_address_count": 0,
            "secondary_private_ip_addresses": [],
            "subnet_id": "subnet-039f88e6d960e5948",
            "tags": null,
            "tags_all": {},
            "timeouts": null
          },
          "sensitive_attributes": [],
          "private": "eyJlMmJmYjczMC1lY2FhLTExZTYtOGY4OC0zNDM2M2JjN2M0YzAiOnsiY3JlYXRlIjo2MDAwMDAwMDAwMDAsImRlbGV0ZSI6MTgwMDAwMDAwMDAwMCwidXBkYXRlIjo2MDAwMDAwMDAwMDB9fQ==",
          "dependencies": [
            "aws_eip.nat",
            "aws_subnet.public_subnet",
            "aws_vpc.main"
          ]
        }
      ]
    },
    {
      "mode": "managed",
      "type": "aws_route_table",
      "name": "private",
      "provider": "provider[\"registry.terraform.io/hashicorp/aws\"]",
      "instances": [
        {
          "schema_version": 0,
          "attributes": {
            "arn": "arn:aws:ec2:us-east-1:644467192437:route-table/rtb-03fe7e88e236fcd44",
            "id": "rtb-03fe7e88e236fcd44",
            "owner_id": "644467192437",
            "propagating_vgws": [],
            "route": [
              {
                "carrier_gateway_id": "",
                "cidr_block": "0.0.0.0/0",
                "core_network_arn": "",
                "destination_prefix_list_id": "",
                "egress_only_gateway_id": "",
                "gateway_id": "",
                "ipv6_cidr_block": "",
                "local_gateway_id": "",
                "nat_gateway_id": "nat-0a2820c94a1e1d629",
                "network_interface_id": "",
                "transit_gateway_id": "",
                "vpc_endpoint_id": "",
                "vpc_peering_connection_id": ""
              }
            ],
            "tags": null,
            "tags_all": {},
            "timeouts": null,
            "vpc_id": "vpc-092e8e448a2e3478d"
          },
          "sensitive_attributes": [],
          "private": "eyJlMmJmYjczMC1lY2FhLTExZTYtOGY4OC0zNDM2M2JjN2M0YzAiOnsiY3JlYXRlIjozMDAwMDAwMDAwMDAsImRlbGV0ZSI6MzAwMDAwMDAwMDAwLCJ1cGRhdGUiOjEyMDAwMDAwMDAwMH19",
          "dependencies": [
            "aws_eip.nat",
            "aws_nat_gateway.nat",
            "aws_subnet.public_subnet",
            "aws_vpc.main"
          ]
        }
      ]
    },
    {
      "mode": "managed",
      "type": "aws_route_table",
      "name": "public",
      "provider": "provider[\"registry.terraform.io/hashicorp/aws\"]",
      "instances": [
        {
          "schema_version": 0,
          "attributes": {
            "arn": "arn:aws:ec2:us-east-1:644467192437:route-table/rtb-06b4cdbc965a059bf",
            "id": "rtb-06b4cdbc965a059bf",
            "owner_id": "644467192437",
            "propagating_vgws": [],
            "route": [
              {
                "carrier_gateway_id": "",
                "cidr_block": "0.0.0.0/0",
                "core_network_arn": "",
                "destination_prefix_list_id": "",
                "egress_only_gateway_id": "",
                "gateway_id": "igw-0e037cc593f4f8894",
                "ipv6_cidr_block": "",
                "local_gateway_id": "",
                "nat_gateway_id": "",
                "network_interface_id": "",
                "transit_gateway_id": "",
                "vpc_endpoint_id": "",
                "vpc_peering_connection_id": ""
              }
            ],
            "tags": null,
            "tags_all": {},
            "timeouts": null,
            "vpc_id": "vpc-092e8e448a2e3478d"
          },
          "sensitive_attributes": [],
          "private": "eyJlMmJmYjczMC1lY2FhLTExZTYtOGY4OC0zNDM2M2JjN2M0YzAiOnsiY3JlYXRlIjozMDAwMDAwMDAwMDAsImRlbGV0ZSI6MzAwMDAwMDAwMDAwLCJ1cGRhdGUiOjEyMDAwMDAwMDAwMH19",
          "dependencies": [
            "aws_internet_gateway.gw",
            "aws_vpc.main"
          ]
        }
      ]
    },
    {
      "mode": "managed",
      "type": "aws_route_table_association",
      "name": "private",
      "provider": "provider[\"registry.terraform.io/hashicorp/aws\"]",
      "instances": [
        {
          "schema_version": 0,
          "attributes": {
            "gateway_id": "",
            "id": "rtbassoc-037fafd7c09acf8c8",
            "route_table_id": "rtb-03fe7e88e236fcd44",
            "subnet_id": "subnet-0d2500d1ba4db6b63",
            "timeouts": null
          },
          "sensitive_attributes": [],
          "private": "eyJlMmJmYjczMC1lY2FhLTExZTYtOGY4OC0zNDM2M2JjN2M0YzAiOnsiY3JlYXRlIjozMDAwMDAwMDAwMDAsImRlbGV0ZSI6MzAwMDAwMDAwMDAwLCJ1cGRhdGUiOjEyMDAwMDAwMDAwMH19",
          "dependencies": [
            "aws_eip.nat",
            "aws_nat_gateway.nat",
            "aws_route_table.private",
            "aws_subnet.private_subnet",
            "aws_subnet.public_subnet",
            "aws_vpc.main"
          ]
        }
      ]
    },
    {
      "mode": "managed",
      "type": "aws_route_table_association",
      "name": "public",
      "provider": "provider[\"registry.terraform.io/hashicorp/aws\"]",
      "instances": [
        {
          "schema_version": 0,
          "attributes": {
            "gateway_id": "",
            "id": "rtbassoc-07fb46607497ef7f0",
            "route_table_id": "rtb-06b4cdbc965a059bf",
            "subnet_id": "subnet-039f88e6d960e5948",
            "timeouts": null
          },
          "sensitive_attributes": [],
          "private": "eyJlMmJmYjczMC1lY2FhLTExZTYtOGY4OC0zNDM2M2JjN2M0YzAiOnsiY3JlYXRlIjozMDAwMDAwMDAwMDAsImRlbGV0ZSI6MzAwMDAwMDAwMDAwLCJ1cGRhdGUiOjEyMDAwMDAwMDAwMH19",
          "dependencies": [
            "aws_internet_gateway.gw",
            "aws_route_table.public",
            "aws_subnet.public_subnet",
            "aws_vpc.main"
          ]
        }
      ]
    },
    {
      "mode": "managed",
      "type": "aws_security_group",
      "name": "sg",
      "provider": "provider[\"registry.terraform.io/hashicorp/aws\"]",
      "instances": [
        {
          "schema_version": 1,
          "attributes": {
            "arn": "arn:aws:ec2:us-east-1:644467192437:security-group/sg-02665aad1d651f64f",
            "description": "Managed by Terraform",
            "egress": [
              {
                "cidr_blocks": [
                  "0.0.0.0/0"
                ],
                "description": "",
                "from_port": 0,
                "ipv6_cidr_blocks": [],
                "prefix_list_ids": [],
                "protocol": "-1",
                "security_groups": [],
                "self": false,
                "to_port": 0
              }
            ],
            "id": "sg-02665aad1d651f64f",
            "ingress": [
              {
                "cidr_blocks": [
                  "0.0.0.0/0"
                ],
                "description": "",
                "from_port": 22,
                "ipv6_cidr_blocks": [],
                "prefix_list_ids": [],
                "protocol": "tcp",
                "security_groups": [],
                "self": false,
                "to_port": 22
              },
              {
                "cidr_blocks": [
                  "0.0.0.0/0"
                ],
                "description": "",
                "from_port": 80,
                "ipv6_cidr_blocks": [],
                "prefix_list_ids": [],
                "protocol": "tcp",
                "security_groups": [],
                "self": false,
                "to_port": 80
              },
              {
                "cidr_blocks": [
                  "10.0.2.0/24"
                ],
                "description": "",
                "from_port": 80,
                "ipv6_cidr_blocks": [],
                "prefix_list_ids": [],
                "protocol": "tcp",
                "security_groups": [],
                "self": false,
                "to_port": 80
              }
            ],
            "name": "terraform-20231201080022339400000001",
            "name_prefix": "terraform-",
            "owner_id": "644467192437",
            "revoke_rules_on_delete": false,
            "tags": null,
            "tags_all": {},
            "timeouts": null,
            "vpc_id": "vpc-092e8e448a2e3478d"
          },
          "sensitive_attributes": [],
          "private": "eyJlMmJmYjczMC1lY2FhLTExZTYtOGY4OC0zNDM2M2JjN2M0YzAiOnsiY3JlYXRlIjo2MDAwMDAwMDAwMDAsImRlbGV0ZSI6OTAwMDAwMDAwMDAwfSwic2NoZW1hX3ZlcnNpb24iOiIxIn0=",
          "dependencies": [
            "aws_vpc.main"
          ]
        }
      ]
    },
    {
      "mode": "managed",
      "type": "aws_subnet",
      "name": "private_subnet",
      "provider": "provider[\"registry.terraform.io/hashicorp/aws\"]",
      "instances": [
        {
          "schema_version": 1,
          "attributes": {
            "arn": "arn:aws:ec2:us-east-1:644467192437:subnet/subnet-0d2500d1ba4db6b63",
            "assign_ipv6_address_on_creation": false,
            "availability_zone": "us-east-1e",
            "availability_zone_id": "use1-az3",
            "cidr_block": "10.0.2.0/24",
            "customer_owned_ipv4_pool": "",
            "enable_dns64": false,
            "enable_lni_at_device_index": 0,
            "enable_resource_name_dns_a_record_on_launch": false,
            "enable_resource_name_dns_aaaa_record_on_launch": false,
            "id": "subnet-0d2500d1ba4db6b63",
            "ipv6_cidr_block": "",
            "ipv6_cidr_block_association_id": "",
            "ipv6_native": false,
            "map_customer_owned_ip_on_launch": false,
            "map_public_ip_on_launch": false,
            "outpost_arn": "",
            "owner_id": "644467192437",
            "private_dns_hostname_type_on_launch": "ip-name",
            "tags": null,
            "tags_all": {},
            "timeouts": null,
            "vpc_id": "vpc-092e8e448a2e3478d"
          },
          "sensitive_attributes": [],
          "private": "eyJlMmJmYjczMC1lY2FhLTExZTYtOGY4OC0zNDM2M2JjN2M0YzAiOnsiY3JlYXRlIjo2MDAwMDAwMDAwMDAsImRlbGV0ZSI6MTIwMDAwMDAwMDAwMH0sInNjaGVtYV92ZXJzaW9uIjoiMSJ9",
          "dependencies": [
            "aws_vpc.main"
          ]
        }
      ]
    },
    {
      "mode": "managed",
      "type": "aws_subnet",
      "name": "public_subnet",
      "provider": "provider[\"registry.terraform.io/hashicorp/aws\"]",
      "instances": [
        {
          "schema_version": 1,
          "attributes": {
            "arn": "arn:aws:ec2:us-east-1:644467192437:subnet/subnet-039f88e6d960e5948",
            "assign_ipv6_address_on_creation": false,
            "availability_zone": "us-east-1e",
            "availability_zone_id": "use1-az3",
            "cidr_block": "10.0.1.0/24",
            "customer_owned_ipv4_pool": "",
            "enable_dns64": false,
            "enable_lni_at_device_index": 0,
            "enable_resource_name_dns_a_record_on_launch": false,
            "enable_resource_name_dns_aaaa_record_on_launch": false,
            "id": "subnet-039f88e6d960e5948",
            "ipv6_cidr_block": "",
            "ipv6_cidr_block_association_id": "",
            "ipv6_native": false,
            "map_customer_owned_ip_on_launch": false,
            "map_public_ip_on_launch": true,
            "outpost_arn": "",
            "owner_id": "644467192437",
            "private_dns_hostname_type_on_launch": "ip-name",
            "tags": null,
            "tags_all": {},
            "timeouts": null,
            "vpc_id": "vpc-092e8e448a2e3478d"
          },
          "sensitive_attributes": [],
          "private": "eyJlMmJmYjczMC1lY2FhLTExZTYtOGY4OC0zNDM2M2JjN2M0YzAiOnsiY3JlYXRlIjo2MDAwMDAwMDAwMDAsImRlbGV0ZSI6MTIwMDAwMDAwMDAwMH0sInNjaGVtYV92ZXJzaW9uIjoiMSJ9",
          "dependencies": [
            "aws_vpc.main"
          ]
        }
      ]
    },
    {
      "mode": "managed",
      "type": "aws_vpc",
      "name": "main",
      "provider": "provider[\"registry.terraform.io/hashicorp/aws\"]",
      "instances": [
        {
          "schema_version": 1,
          "attributes": {
            "arn": "arn:aws:ec2:us-east-1:644467192437:vpc/vpc-092e8e448a2e3478d",
            "assign_generated_ipv6_cidr_block": false,
            "cidr_block": "10.0.0.0/16",
            "default_network_acl_id": "acl-06a79805bba843398",
            "default_route_table_id": "rtb-0ec613d927d2bb39f",
            "default_security_group_id": "sg-0bfdc64100bbca6dc",
            "dhcp_options_id": "dopt-0db18d4fda1b87fbd",
            "enable_dns_hostnames": false,
            "enable_dns_support": true,
            "enable_network_address_usage_metrics": false,
            "id": "vpc-092e8e448a2e3478d",
            "instance_tenancy": "default",
            "ipv4_ipam_pool_id": null,
            "ipv4_netmask_length": null,
            "ipv6_association_id": "",
            "ipv6_cidr_block": "",
            "ipv6_cidr_block_network_border_group": "",
            "ipv6_ipam_pool_id": "",
            "ipv6_netmask_length": 0,
            "main_route_table_id": "rtb-0ec613d927d2bb39f",
            "owner_id": "644467192437",
            "tags": null,
            "tags_all": {}
          },
          "sensitive_attributes": [],
          "private": "eyJzY2hlbWFfdmVyc2lvbiI6IjEifQ=="
        }
      ]
    },
    {
      "mode": "managed",
      "type": "local_file",
      "name": "private_key",
      "provider": "provider[\"registry.terraform.io/hashicorp/local\"]",
      "instances": [
        {
          "schema_version": 0,
          "attributes": {
            "content": "-----BEGIN RSA PRIVATE KEY-----\nMIIEpQIBAAKCAQEA+rdv93DtX7bs8pZXjpJVk2bw+FyY7fG6L49xgve3aE4hptmb\nTLPxqn1l1+JahDBCBhMbQm7vc9+LAuwPqkqAJZoS6N6nIj/L8Rs5D2IMHpz1bpCw\nQuvEE6ten3FqFOp/u8caLQcYuAApw4jwurgUwh8j7/vfW/KsYWi3PJNXRl1Raby5\nZglFs2+g/+Y86SJ5vxZ6bcUoFJE4gdSB+QICbj91zpMrA/3FNsQBWvSEG/CgMA6H\nHsMJZeTV7YcxCyRAXZ4x0HJ6rOlXC1o18k8RGdI44l9Zl373l0eve+zn4svxVJrC\nlUPgSrEnAkjtRHsh1JRqJ7lRRNFP3d7q81L0vQIDAQABAoIBAQC6lLEasEu3I2cK\n0Z+vVm+hFsbVzfNxgKdSpamQEdHIKf0ZMnBEkNWUT2XvV2CNZ2x7INT0h6Jj1USa\nlBrEXFUpppPUAX7YGion8F5yeEEUtzJfagYCh3qQOMReXATaM/mDQRTV1aYrqNNr\n1Qlxq3SnUo1oF0WOI/btNwTGa9BTZ74OKnJQ8AVe52Lgx2o3XcIZMwp8N/2HP8ql\ne22rw2+4N0aB2Df+ZRDAoNL62zmEwWdDos9m0vfsW3EfuFAen7YR1ZeLQGm0ChFy\ny2aVtF3Okv1EEBqHpXlEyVDT8hED9MhFM1MEJpQelgzVKPynddkNU10j6aRRg4C3\nN/iWVN3xAoGBAP4NFe7dtvoeSgEEV1mdDocWz5NZbrWqoUXGrTrMGQeuAihYGjNQ\nva4Jp3vKGsevM9L7XYNSGljGfcV6OGi/PsnVDpyxUbN1vTCc7+I2XQdczJsJKnYw\nulMcGpYtV24AsnJqNFL/fAJsRQKrBpC5uhbwSEGHuavRt8gQGpz9JarjAoGBAPyj\nzZwNJhD36BPLNtD+0GWtT1g1OZGYqqxuUccVzx2VpQG/H8oVe8PAaJyvB9yMV3SZ\nRU/rzdZ7OvySam89DaUiu9WIJgWnerqilcflthkXfO+MKpY5BMIoOtJQZTO54ivI\njqmT7LvOyk99trW6rIxQNoUteUXcX3SOtphrztPfAoGAX0aFDTn1H0QwuMTqBV+T\nTTJO0pHdpR/Cr6pc2Qol8O1fPcYcvVXwbM6OEyyucmjQZLWEUnV+EAEQtfiqIw5l\n+8d9XWJao5TqSMryY8HDjblNum7rj7uihPyrM9r5SPXV9nbB/MZ3uWjlUKTXJ3uf\nwG6IipreFQPnio4PjQSbFcUCgYEA6hv4WhUtIyg23LDBGSYngzD4h6q6sBqifaq1\nCSFCjg2vnFC5apBB4gGYbykaxdse56NoQUknswr6fDZJfs86p73qBVNmuHKcHfqv\nhU9uUQ4c7fYbOJ2ZtTmGWIG7ZhVoal4tJSM4ikhz3PmHqBtV7age/YZIDN7Lbb0Z\no2Czhk0CgYEAnG2u2Jvrtof9gUINDUldoGqflLxRJYDeoXesG635vcR2e0goutQ7\n+iC3Af5gHVjEJA+8TKlDV4CUL4piOFwxKOFjYnhW18leAOGWkPZ47+uhbonMXCmM\ncn5JCCk1rF6pBffdObKc0nuto0cu7a2kzJ++6omN4orhMC5yvksXOVs=\n-----END RSA PRIVATE KEY-----\n",
            "content_base64": null,
            "content_base64sha256": "DyNgU1jlWTOW5qLRW1yyR0JItVMshdEvy5havHP4K6U=",
            "content_base64sha512": "9xMIQbwLcliIN2zmPUCGsa3yHDYQ2P5h4xVQIOqj6Ds8PK3Y0ch3oAQwXh2BjOO2atZXOZdXKOfcYgjt+us2uw==",
            "content_md5": "57c1466dc10b066068412e6e841ccb1b",
            "content_sha1": "fcee998e794049f7cfcdb3364f045edd9b8312c1",
            "content_sha256": "0f23605358e5593396e6a2d15b5cb2474248b5532c85d12fcb985abc73f82ba5",
            "content_sha512": "f7130841bc0b725888376ce63d4086b1adf21c3610d8fe61e3155020eaa3e83b3c3cadd8d1c877a004305e1d818ce3b66ad65739975728e7dc6208edfaeb36bb",
            "directory_permission": "0777",
            "file_permission": "0777",
            "filename": "./private_key.pem",
            "id": "fcee998e794049f7cfcdb3364f045edd9b8312c1",
            "sensitive_content": null,
            "source": null
          },
          "sensitive_attributes": [
            [
              {
                "type": "get_attr",
                "value": "content"
              }
            ]
          ],
          "dependencies": [
            "tls_private_key.ssh_key"
          ]
        }
      ]
    },
    {
      "mode": "managed",
      "type": "tls_private_key",
      "name": "ssh_key",
      "provider": "provider[\"registry.terraform.io/hashicorp/tls\"]",
      "instances": [
        {
          "schema_version": 1,
          "attributes": {
            "algorithm": "RSA",
            "ecdsa_curve": "P224",
            "id": "ba62eece878cc955a7b7bdb9f2dbb63dbf53f187",
            "private_key_openssh": "-----BEGIN OPENSSH PRIVATE KEY-----\nb3BlbnNzaC1rZXktdjEAAAAABG5vbmUAAAAEbm9uZQAAAAAAAAABAAABFwAAAAdz\nc2gtcnNhAAAAAwEAAQAAAQEA+rdv93DtX7bs8pZXjpJVk2bw+FyY7fG6L49xgve3\naE4hptmbTLPxqn1l1+JahDBCBhMbQm7vc9+LAuwPqkqAJZoS6N6nIj/L8Rs5D2IM\nHpz1bpCwQuvEE6ten3FqFOp/u8caLQcYuAApw4jwurgUwh8j7/vfW/KsYWi3PJNX\nRl1Raby5ZglFs2+g/+Y86SJ5vxZ6bcUoFJE4gdSB+QICbj91zpMrA/3FNsQBWvSE\nG/CgMA6HHsMJZeTV7YcxCyRAXZ4x0HJ6rOlXC1o18k8RGdI44l9Zl373l0eve+zn\n4svxVJrClUPgSrEnAkjtRHsh1JRqJ7lRRNFP3d7q81L0vQAAA7jzn6Ba85+gWgAA\nAAdzc2gtcnNhAAABAQD6t2/3cO1ftuzylleOklWTZvD4XJjt8bovj3GC97doTiGm\n2ZtMs/GqfWXX4lqEMEIGExtCbu9z34sC7A+qSoAlmhLo3qciP8vxGzkPYgwenPVu\nkLBC68QTq16fcWoU6n+7xxotBxi4ACnDiPC6uBTCHyPv+99b8qxhaLc8k1dGXVFp\nvLlmCUWzb6D/5jzpInm/FnptxSgUkTiB1IH5AgJuP3XOkysD/cU2xAFa9IQb8KAw\nDocewwll5NXthzELJEBdnjHQcnqs6VcLWjXyTxEZ0jjiX1mXfveXR6977Ofiy/FU\nmsKVQ+BKsScCSO1EeyHUlGonuVFE0U/d3urzUvS9AAAAAwEAAQAAAQEAupSxGrBL\ntyNnCtGfr1ZvoRbG1c3zcYCnUqWpkBHRyCn9GTJwRJDVlE9l71dgjWdseyDU9Iei\nY9VEmpQaxFxVKaaT1AF+2BoqJ/BecnhBFLcyX2oGAod6kDjEXlwE2jP5g0EU1dWm\nK6jTa9UJcat0p1KNaBdFjiP27TcExmvQU2e+DipyUPAFXudi4MdqN13CGTMKfDf9\nhz/KpXttq8NvuDdGgdg3/mUQwKDS+ts5hMFnQ6LPZtL37FtxH7hQHp+2EdWXi0Bp\ntAoRcstmlbRdzpL9RBAah6V5RMlQ0/IRA/TIRTNTBCaUHpYM1Sj8p3XZDVNdI+mk\nUYOAtzf4llTd8QAAAIEAnG2u2Jvrtof9gUINDUldoGqflLxRJYDeoXesG635vcR2\ne0goutQ7+iC3Af5gHVjEJA+8TKlDV4CUL4piOFwxKOFjYnhW18leAOGWkPZ47+uh\nbonMXCmMcn5JCCk1rF6pBffdObKc0nuto0cu7a2kzJ++6omN4orhMC5yvksXOVsA\nAACBAP4NFe7dtvoeSgEEV1mdDocWz5NZbrWqoUXGrTrMGQeuAihYGjNQva4Jp3vK\nGsevM9L7XYNSGljGfcV6OGi/PsnVDpyxUbN1vTCc7+I2XQdczJsJKnYwulMcGpYt\nV24AsnJqNFL/fAJsRQKrBpC5uhbwSEGHuavRt8gQGpz9JarjAAAAgQD8o82cDSYQ\n9+gTyzbQ/tBlrU9YNTmRmKqsblHHFc8dlaUBvx/KFXvDwGicrwfcjFd0mUVP683W\nezr8kmpvPQ2lIrvViCYFp3q6opXH5bYZF3zvjCqWOQTCKDrSUGUzueIryI6pk+y7\nzspPfba1uqyMUDaFLXlF3F90jraYa87T3wAAAAAB\n-----END OPENSSH PRIVATE KEY-----\n",
            "private_key_pem": "-----BEGIN RSA PRIVATE KEY-----\nMIIEpQIBAAKCAQEA+rdv93DtX7bs8pZXjpJVk2bw+FyY7fG6L49xgve3aE4hptmb\nTLPxqn1l1+JahDBCBhMbQm7vc9+LAuwPqkqAJZoS6N6nIj/L8Rs5D2IMHpz1bpCw\nQuvEE6ten3FqFOp/u8caLQcYuAApw4jwurgUwh8j7/vfW/KsYWi3PJNXRl1Raby5\nZglFs2+g/+Y86SJ5vxZ6bcUoFJE4gdSB+QICbj91zpMrA/3FNsQBWvSEG/CgMA6H\nHsMJZeTV7YcxCyRAXZ4x0HJ6rOlXC1o18k8RGdI44l9Zl373l0eve+zn4svxVJrC\nlUPgSrEnAkjtRHsh1JRqJ7lRRNFP3d7q81L0vQIDAQABAoIBAQC6lLEasEu3I2cK\n0Z+vVm+hFsbVzfNxgKdSpamQEdHIKf0ZMnBEkNWUT2XvV2CNZ2x7INT0h6Jj1USa\nlBrEXFUpppPUAX7YGion8F5yeEEUtzJfagYCh3qQOMReXATaM/mDQRTV1aYrqNNr\n1Qlxq3SnUo1oF0WOI/btNwTGa9BTZ74OKnJQ8AVe52Lgx2o3XcIZMwp8N/2HP8ql\ne22rw2+4N0aB2Df+ZRDAoNL62zmEwWdDos9m0vfsW3EfuFAen7YR1ZeLQGm0ChFy\ny2aVtF3Okv1EEBqHpXlEyVDT8hED9MhFM1MEJpQelgzVKPynddkNU10j6aRRg4C3\nN/iWVN3xAoGBAP4NFe7dtvoeSgEEV1mdDocWz5NZbrWqoUXGrTrMGQeuAihYGjNQ\nva4Jp3vKGsevM9L7XYNSGljGfcV6OGi/PsnVDpyxUbN1vTCc7+I2XQdczJsJKnYw\nulMcGpYtV24AsnJqNFL/fAJsRQKrBpC5uhbwSEGHuavRt8gQGpz9JarjAoGBAPyj\nzZwNJhD36BPLNtD+0GWtT1g1OZGYqqxuUccVzx2VpQG/H8oVe8PAaJyvB9yMV3SZ\nRU/rzdZ7OvySam89DaUiu9WIJgWnerqilcflthkXfO+MKpY5BMIoOtJQZTO54ivI\njqmT7LvOyk99trW6rIxQNoUteUXcX3SOtphrztPfAoGAX0aFDTn1H0QwuMTqBV+T\nTTJO0pHdpR/Cr6pc2Qol8O1fPcYcvVXwbM6OEyyucmjQZLWEUnV+EAEQtfiqIw5l\n+8d9XWJao5TqSMryY8HDjblNum7rj7uihPyrM9r5SPXV9nbB/MZ3uWjlUKTXJ3uf\nwG6IipreFQPnio4PjQSbFcUCgYEA6hv4WhUtIyg23LDBGSYngzD4h6q6sBqifaq1\nCSFCjg2vnFC5apBB4gGYbykaxdse56NoQUknswr6fDZJfs86p73qBVNmuHKcHfqv\nhU9uUQ4c7fYbOJ2ZtTmGWIG7ZhVoal4tJSM4ikhz3PmHqBtV7age/YZIDN7Lbb0Z\no2Czhk0CgYEAnG2u2Jvrtof9gUINDUldoGqflLxRJYDeoXesG635vcR2e0goutQ7\n+iC3Af5gHVjEJA+8TKlDV4CUL4piOFwxKOFjYnhW18leAOGWkPZ47+uhbonMXCmM\ncn5JCCk1rF6pBffdObKc0nuto0cu7a2kzJ++6omN4orhMC5yvksXOVs=\n-----END RSA PRIVATE KEY-----\n",
            "private_key_pem_pkcs8": "-----BEGIN PRIVATE KEY-----\nMIIEvwIBADANBgkqhkiG9w0BAQEFAASCBKkwggSlAgEAAoIBAQD6t2/3cO1ftuzy\nlleOklWTZvD4XJjt8bovj3GC97doTiGm2ZtMs/GqfWXX4lqEMEIGExtCbu9z34sC\n7A+qSoAlmhLo3qciP8vxGzkPYgwenPVukLBC68QTq16fcWoU6n+7xxotBxi4ACnD\niPC6uBTCHyPv+99b8qxhaLc8k1dGXVFpvLlmCUWzb6D/5jzpInm/FnptxSgUkTiB\n1IH5AgJuP3XOkysD/cU2xAFa9IQb8KAwDocewwll5NXthzELJEBdnjHQcnqs6VcL\nWjXyTxEZ0jjiX1mXfveXR6977Ofiy/FUmsKVQ+BKsScCSO1EeyHUlGonuVFE0U/d\n3urzUvS9AgMBAAECggEBALqUsRqwS7cjZwrRn69Wb6EWxtXN83GAp1KlqZAR0cgp\n/RkycESQ1ZRPZe9XYI1nbHsg1PSHomPVRJqUGsRcVSmmk9QBftgaKifwXnJ4QRS3\nMl9qBgKHepA4xF5cBNoz+YNBFNXVpiuo02vVCXGrdKdSjWgXRY4j9u03BMZr0FNn\nvg4qclDwBV7nYuDHajddwhkzCnw3/Yc/yqV7bavDb7g3RoHYN/5lEMCg0vrbOYTB\nZ0Oiz2bS9+xbcR+4UB6fthHVl4tAabQKEXLLZpW0Xc6S/UQQGoeleUTJUNPyEQP0\nyEUzUwQmlB6WDNUo/Kd12Q1TXSPppFGDgLc3+JZU3fECgYEA/g0V7t22+h5KAQRX\nWZ0OhxbPk1lutaqhRcatOswZB64CKFgaM1C9rgmne8oax68z0vtdg1IaWMZ9xXo4\naL8+ydUOnLFRs3W9MJzv4jZdB1zMmwkqdjC6Uxwali1XbgCycmo0Uv98AmxFAqsG\nkLm6FvBIQYe5q9G3yBAanP0lquMCgYEA/KPNnA0mEPfoE8s20P7QZa1PWDU5kZiq\nrG5RxxXPHZWlAb8fyhV7w8BonK8H3IxXdJlFT+vN1ns6/JJqbz0NpSK71YgmBad6\nuqKVx+W2GRd874wqljkEwig60lBlM7niK8iOqZPsu87KT322tbqsjFA2hS15Rdxf\ndI62mGvO098CgYBfRoUNOfUfRDC4xOoFX5NNMk7Skd2lH8KvqlzZCiXw7V89xhy9\nVfBszo4TLK5yaNBktYRSdX4QARC1+KojDmX7x31dYlqjlOpIyvJjwcONuU26buuP\nu6KE/Ksz2vlI9dX2dsH8xne5aOVQpNcne5/AboiKmt4VA+eKjg+NBJsVxQKBgQDq\nG/haFS0jKDbcsMEZJieDMPiHqrqwGqJ9qrUJIUKODa+cULlqkEHiAZhvKRrF2x7n\no2hBSSezCvp8Nkl+zzqnveoFU2a4cpwd+q+FT25RDhzt9hs4nZm1OYZYgbtmFWhq\nXi0lIziKSHPc+YeoG1XtqB79hkgM3sttvRmjYLOGTQKBgQCcba7Ym+u2h/2BQg0N\nSV2gap+UvFElgN6hd6wbrfm9xHZ7SCi61Dv6ILcB/mAdWMQkD7xMqUNXgJQvimI4\nXDEo4WNieFbXyV4A4ZaQ9njv66FuicxcKYxyfkkIKTWsXqkF9905spzSe62jRy7t\nraTMn77qiY3iiuEwLnK+Sxc5Ww==\n-----END PRIVATE KEY-----\n",
            "public_key_fingerprint_md5": "58:f5:81:ea:e9:00:17:13:57:fe:f2:b6:ab:87:69:2c",
            "public_key_fingerprint_sha256": "SHA256:Njpgu71cNjje3DMdDHF8s+XohmLOltIiwRqI8eWk7jc",
            "public_key_openssh": "ssh-rsa AAAAB3NzaC1yc2EAAAADAQABAAABAQD6t2/3cO1ftuzylleOklWTZvD4XJjt8bovj3GC97doTiGm2ZtMs/GqfWXX4lqEMEIGExtCbu9z34sC7A+qSoAlmhLo3qciP8vxGzkPYgwenPVukLBC68QTq16fcWoU6n+7xxotBxi4ACnDiPC6uBTCHyPv+99b8qxhaLc8k1dGXVFpvLlmCUWzb6D/5jzpInm/FnptxSgUkTiB1IH5AgJuP3XOkysD/cU2xAFa9IQb8KAwDocewwll5NXthzELJEBdnjHQcnqs6VcLWjXyTxEZ0jjiX1mXfveXR6977Ofiy/FUmsKVQ+BKsScCSO1EeyHUlGonuVFE0U/d3urzUvS9\n",
            "public_key_pem": "-----BEGIN PUBLIC KEY-----\nMIIBIjANBgkqhkiG9w0BAQEFAAOCAQ8AMIIBCgKCAQEA+rdv93DtX7bs8pZXjpJV\nk2bw+FyY7fG6L49xgve3aE4hptmbTLPxqn1l1+JahDBCBhMbQm7vc9+LAuwPqkqA\nJZoS6N6nIj/L8Rs5D2IMHpz1bpCwQuvEE6ten3FqFOp/u8caLQcYuAApw4jwurgU\nwh8j7/vfW/KsYWi3PJNXRl1Raby5ZglFs2+g/+Y86SJ5vxZ6bcUoFJE4gdSB+QIC\nbj91zpMrA/3FNsQBWvSEG/CgMA6HHsMJZeTV7YcxCyRAXZ4x0HJ6rOlXC1o18k8R\nGdI44l9Zl373l0eve+zn4svxVJrClUPgSrEnAkjtRHsh1JRqJ7lRRNFP3d7q81L0\nvQIDAQAB\n-----END PUBLIC KEY-----\n",
            "rsa_bits": 2048
          },
          "sensitive_attributes": []
        }
      ]
    }
  ],
  "check_results": null
}
